Microsoft Visual Studio Solution File, Format Version 12.00
# Visual Studio Version 17
VisualStudioVersion = 17.5.2.0
MinimumVisualStudioVersion = 10.0.40219.1
Project("{FAE04EC0-301F-11D3-BF4B-00C04F79EFBC}") = "DnaRepeatDetector", "DnaRepeatDetector.csproj", "{5816BCF8-8E71-96EA-6AD4-CF9B31D244AE}"
EndProject
Global
	GlobalSection(SolutionConfigurationPlatforms) = preSolution
		Debug|Any CPU = Debug|Any CPU
		Release|Any CPU = Release|Any CPU
	EndGlobalSection
	GlobalSection(ProjectConfigurationPlatforms) = postSolution
		{5816BCF8-8E71-96EA-6AD4-CF9B31D244AE}.Debug|Any CPU.ActiveCfg = Debug|Any CPU
		{5816BCF8-8E71-96EA-6AD4-CF9B31D244AE}.Debug|Any CPU.Build.0 = Debug|Any CPU
		{5816BCF8-8E71-96EA-6AD4-CF9B31D244AE}.Release|Any CPU.ActiveCfg = Release|Any CPU
		{5816BCF8-8E71-96EA-6AD4-CF9B31D244AE}.Release|Any CPU.Build.0 = Release|Any CPU
	EndGlobalSection
	GlobalSection(SolutionProperties) = preSolution
		HideSolutionNode = FALSE
	EndGlobalSection
	GlobalSection(ExtensibilityGlobals) = postSolution
		SolutionGuid = {643DE5AC-CD40-4E44-9FFD-0BCF297CA884}
	EndGlobalSection
EndGlobal
